// !$*UTF8*$!
{
	archiveVersion = 1;
	classes = {
	};
	objectVersion = 50;
	objects = {

/* Begin PBXBuildFile section */
		105539072265EF5000344630 /* AppDelegate.swift in Sources */ = {isa = PBXBuildFile; fileRef = 105539062265EF5000344630 /* AppDelegate.swift */; };
		105539092265EF5000344630 /* ViewController.swift in Sources */ = {isa = PBXBuildFile; fileRef = 105539082265EF5000344630 /* ViewController.swift */; };
		1055390C2265EF5000344630 /* Main.storyboard in Resources */ = {isa = PBXBuildFile; fileRef = 1055390A2265EF5000344630 /* Main.storyboard */; };
		1055390E2265EF5700344630 /* Assets.xcassets in Resources */ = {isa = PBXBuildFile; fileRef = 1055390D2265EF5700344630 /* Assets.xcassets */; };
		105539112265EF5700344630 /* LaunchScreen.storyboard in Resources */ = {isa = PBXBuildFile; fileRef = 1055390F2265EF5700344630 /* LaunchScreen.storyboard */; };
		105539192265F71900344630 /* Question.swift in Sources */ = {isa = PBXBuildFile; fileRef = 105539182265F71900344630 /* Question.swift */; };
		1055391B2265F8C200344630 /* QuizModel.swift in Sources */ = {isa = PBXBuildFile; fileRef = 1055391A2265F8C200344630 /* QuizModel.swift */; };
		1055391D22661D2000344630 /* QuestionData.json in Resources */ = {isa = PBXBuildFile; fileRef = 1055391C22661D2000344630 /* QuestionData.json */; };
		267E2697226E04E600042562 /* ResultViewController.swift in Sources */ = {isa = PBXBuildFile; fileRef = 267E2696226E04E600042562 /* ResultViewController.swift */; };
		26F1BA9E2271A97A00F6081C /* StateManager.swift in Sources */ = {isa = PBXBuildFile; fileRef = 26F1BA9D2271A97A00F6081C /* StateManager.swift */; };
/* End PBXBuildFile section */

/* Begin PBXFileReference section */
		105539032265EF5000344630 /* Quiz.app */ = {isa = PBXFileReference; explicitFileType = wrapper.application; includeInIndex = 0; path = Quiz.app; sourceTree = BUILT_PRODUCTS_DIR; };
		105539062265EF5000344630 /* AppDelegate.swift */ = {isa = PBXFileReference; lastKnownFileType = sourcecode.swift; path = AppDelegate.swift; sourceTree = "<group>"; };
		105539082265EF5000344630 /* ViewController.swift */ = {isa = PBXFileReference; lastKnownFileType = sourcecode.swift; path = ViewController.swift; sourceTree = "<group>"; };
		1055390B2265EF5000344630 /* Base */ = {isa = PBXFileReference; lastKnownFileType = file.storyboard; name = Base; path = Base.lproj/Main.storyboard; sourceTree = "<group>"; };
		1055390D2265EF5700344630 /* Assets.xcassets */ = {isa = PBXFileReference; lastKnownFileType = folder.assetcatalog; path = Assets.xcassets; sourceTree = "<group>"; };
		105539102265EF5700344630 /* Base */ = {isa = PBXFileReference; lastKnownFileType = file.storyboard; name = Base; path = Base.lproj/LaunchScreen.storyboard; sourceTree = "<group>"; };
		105539122265EF5700344630 /* Info.plist */ = {isa = PBXFileReference; lastKnownFileType = text.plist.xml; path = Info.plist; sourceTree = "<group>"; };
		105539182265F71900344630 /* Question.swift */ = {isa = PBXFileReference; lastKnownFileType = sourcecode.swift; path = Question.swift; sourceTree = "<group>"; };
		1055391A2265F8C200344630 /* QuizModel.swift */ = {isa = PBXFileReference; lastKnownFileType = sourcecode.swift; path = QuizModel.swift; sourceTree = "<group>"; };
		1055391C22661D2000344630 /* QuestionData.json */ = {isa = PBXFileReference; fileEncoding = 4; lastKnownFileType = text.json; path = QuestionData.json; sourceTree = "<group>"; };
		267E2696226E04E600042562 /* ResultViewController.swift */ = {isa = PBXFileReference; lastKnownFileType = sourcecode.swift; path = ResultViewController.swift; sourceTree = "<group>"; };
		26F1BA9D2271A97A00F6081C /* StateManager.swift */ = {isa = PBXFileReference; lastKnownFileType = sourcecode.swift; path = StateManager.swift; sourceTree = "<group>"; };
/* End PBXFileReference section */

/* Begin PBXFrameworksBuildPhase section */
		105539002265EF5000344630 /* Frameworks */ = {
			isa = PBXFrameworksBuildPhase;
			buildActionMask = 2147483647;
			files = (
			);
			runOnlyForDeploymentPostprocessing = 0;
		};
/* End PBXFrameworksBuildPhase section */

/* Begin PBXGroup section */
		105538FA2265EF4F00344630 = {
			isa = PBXGroup;
			children = (
				105539052265EF5000344630 /* Quiz */,
				105539042265EF5000344630 /* Products */,
			);
			sourceTree = "<group>";
		};
		105539042265EF5000344630 /* Products */ = {
			isa = PBXGroup;
			children = (
				105539032265EF5000344630 /* Quiz.app */,
			);
			name = Products;
			sourceTree = "<group>";
		};
		105539052265EF5000344630 /* Quiz */ = {
			isa = PBXGroup;
			children = (
				105539062265EF5000344630 /* AppDelegate.swift */,
				26F1BA9D2271A97A00F6081C /* StateManager.swift */,
				105539082265EF5000344630 /* ViewController.swift */,
				267E2696226E04E600042562 /* ResultViewController.swift */,
				105539182265F71900344630 /* Question.swift */,
				1055391A2265F8C200344630 /* QuizModel.swift */,
				1055391C22661D2000344630 /* QuestionData.json */,
				1055390A2265EF5000344630 /* Main.storyboard */,
				1055390D2265EF5700344630 /* Assets.xcassets */,
				1055390F2265EF5700344630 /* LaunchScreen.storyboard */,
				105539122265EF5700344630 /* Info.plist */,
			);
			path = Quiz;
			sourceTree = "<group>";
		};
/* End PBXGroup section */

/* Begin PBXNativeTarget section */
		105539022265EF5000344630 /* Quiz */ = {
			isa = PBXNativeTarget;
			buildConfigurationList = 105539152265EF5700344630 /* Build configuration list for PBXNativeTarget "Quiz" */;
			buildPhases = (
				105538FF2265EF5000344630 /* Sources */,
				105539002265EF5000344630 /* Frameworks */,
				105539012265EF5000344630 /* Resources */,
			);
			buildRules = (
			);
			dependencies = (
			);
			name = Quiz;
			productName = Quiz;
			productReference = 105539032265EF5000344630 /* Quiz.app */;
			productType = "com.apple.product-type.application";
		};
/* End PBXNativeTarget section */

/* Begin PBXProject section */
		105538FB2265EF5000344630 /* Project object */ = {
			isa = PBXProject;
			attributes = {
				LastSwiftUpdateCheck = 1010;
				LastUpgradeCheck = 1010;
				ORGANIZATIONNAME = "Axel Hirszson";
				TargetAttributes = {
					105539022265EF5000344630 = {
						CreatedOnToolsVersion = 10.1;
					};
				};
			};
			buildConfigurationList = 105538FE2265EF5000344630 /* Build configuration list for PBXProject "Quiz" */;
			compatibilityVersion = "Xcode 9.3";
			developmentRegion = en;
			hasScannedForEncodings = 0;
			knownRegions = (
				en,
				Base,
			);
			mainGroup = 105538FA2265EF4F00344630;
			productRefGroup = 105539042265EF5000344630 /* Products */;
			projectDirPath = "";
			projectRoot = "";
			targets = (
				105539022265EF5000344630 /* Quiz */,
			);
		};
/* End PBXProject section */

/* Begin PBXResourcesBuildPhase section */
		105539012265EF5000344630 /* Resources */ = {
			isa = PBXResourcesBuildPhase;
			buildActionMask = 2147483647;
			files = (
				105539112265EF5700344630 /* LaunchScreen.storyboard in Resources */,
				1055390E2265EF5700344630 /* Assets.xcassets in Resources */,
				1055390C2265EF5000344630 /* Main.storyboard in Resources */,
				1055391D22661D2000344630 /* QuestionData.json in Resources */,
			);
			runOnlyForDeploymentPostprocessing = 0;
		};
/* End PBXResourcesBuildPhase section */

/* Begin PBXSourcesBuildPhase section */
		105538FF2265EF5000344630 /* Sources */ = {
			isa = PBXSourcesBuildPhase;
			buildActionMask = 2147483647;
			files = (
				267E2697226E04E600042562 /* ResultViewController.swift in Sources */,
				1055391B2265F8C200344630 /* QuizModel.swift in Sources */,
				105539192265F71900344630 /* Question.swift in Sources */,
				26F1BA9E2271A97A00F6081C /* StateManager.swift in Sources */,
				105539092265EF5000344630 /* ViewController.swift in Sources */,
				105539072265EF5000344630 /* AppDelegate.swift in Sources */,
			);
			runOnlyForDeploymentPostprocessing = 0;
		};
/* End PBXSourcesBuildPhase section */

/* Begin PBXVariantGroup section */
		1055390A2265EF5000344630 /* Main.storyboard */ = {
			isa = PBXVariantGroup;
			children = (
				1055390B2265EF5000344630 /* Base */,
			);
			name = Main.storyboard;
			sourceTree = "<group>";
		};
		1055390F2265EF5700344630 /* LaunchScreen.storyboard */ = {
			isa = PBXVariantGroup;
			children = (
				105539102265EF5700344630 /* Base */,
			);
			name = LaunchScreen.storyboard;
			sourceTree = "<group>";
		};
/* End PBXVariantGroup section */

/* Begin XCBuildConfiguration section */
		105539132265EF5700344630 /* Debug */ = {
			isa = XCBuildConfiguration;
			buildSettings = {
				ALWAYS_SEARCH_USER_PATHS = NO;
				CLANG_ANALYZER_NONNULL = YES;
				CLANG_ANALYZER_NUMBER_OBJECT_CONVERSION = YES_AGGRESSIVE;
				CLANG_CXX_LANGUAGE_STANDARD = "gnu++14";
				CLANG_CXX_LIBRARY = "libc++";
				CLANG_ENABLE_MODULES = YES;
				CLANG_ENABLE_OBJC_ARC = YES;
				CLANG_ENABLE_OBJC_WEAK = YES;
				CLANG_WARN_BLOCK_CAPTURE_AUTORELEASING = YES;
				CLANG_WARN_BOOL_CONVERSION = YES;
				CLANG_WARN_COMMA = YES;
				CLANG_WARN_CONSTANT_CONVERSION = YES;
				CLANG_WARN_DEPRECATED_OBJC_IMPLEMENTATIONS = YES;
				CLANG_WARN_DIRECT_OBJC_ISA_USAGE = YES_ERROR;
				CLANG_WARN_DOCUMENTATION_COMMENTS = YES;
				CLANG_WARN_EMPTY_BODY = YES;
				CLANG_WARN_ENUM_CONVERSION = YES;
				CLANG_WARN_INFINITE_RECURSION = YES;
				CLANG_WARN_INT_CONVERSION = YES;
				CLANG_WARN_NON_LITERAL_NULL_CONVERSION = YES;
				CLANG_WARN_OBJC_IMPLICIT_RETAIN_SELF = YES;
				CLANG_WARN_OBJC_LITERAL_CONVERSION = YES;
				CLANG_WARN_OBJC_ROOT_CLASS = YES_ERROR;
				CLANG_WARN_RANGE_LOOP_ANALYSIS = YES;
				CLANG_WARN_STRICT_PROTOTYPES = YES;
				CLANG_WARN_SUSPICIOUS_MOVE = YES;
				CLANG_WARN_UNGUARDED_AVAILABILITY = YES_AGGRESSIVE;
				CLANG_WARN_UNREACHABLE_CODE = YES;
				CLANG_WARN__DUPLICATE_METHOD_MATCH = YES;
				CODE_SIGN_IDENTITY = "iPhone Developer";
				COPY_PHASE_STRIP = NO;
				DEBUG_INFORMATION_FORMAT = dwarf;
				ENABLE_STRICT_OBJC_MSGSEND = YES;
				ENABLE_TESTABILITY = YES;
				GCC_C_LANGUAGE_STANDARD = gnu11;
				GCC_DYNAMIC_NO_PIC = NO;
				GCC_NO_COMMON_BLOCKS = YES;
				GCC_OPTIMIZATION_LEVEL = 0;
				GCC_PREPROCESSOR_DEFINITIONS = (
					"DEBUG=1",
					"$(inherited)",
				);
				GCC_WARN_64_TO_32_BIT_CONVERSION = YES;
				GCC_WARN_ABOUT_RETURN_TYPE = YES_ERROR;
				GCC_WARN_UNDECLARED_SELECTOR = YES;
				GCC_WARN_UNINITIALIZED_AUTOS = YES_AGGRESSIVE;
				GCC_WARN_UNUSED_FUNCTION = YES;
				GCC_WARN_UNUSED_VARIABLE = YES;
				IPHONEOS_DEPLOYMENT_TARGET = 12.1;
				MTL_ENABLE_DEBUG_INFO = INCLUDE_SOURCE;
				MTL_FAST_MATH = YES;
				ONLY_ACTIVE_ARCH = YES;
				SDKROOT = iphoneos;
				SWIFT_ACTIVE_COMPILATION_CONDITIONS = DEBUG;
				SWIFT_OPTIMIZATION_LEVEL = "-Onone";
			};
			name = Debug;
		};
		105539142265EF5700344630 /* Release */ = {
			isa = XCBuildConfiguration;
			buildSettings = {
				ALWAYS_SEARCH_USER_PATHS = NO;
				CLANG_ANALYZER_NONNULL = YES;
				CLANG_ANALYZER_NUMBER_OBJECT_CONVERSION = YES_AGGRESSIVE;
				CLANG_CXX_LANGUAGE_STANDARD = "gnu++14";
				CLANG_CXX_LIBRARY = "libc++";
				CLANG_ENABLE_MODULES = YES;
				CLANG_ENABLE_OBJC_ARC = YES;
				CLANG_ENABLE_OBJC_WEAK = YES;
				CLANG_WARN_BLOCK_CAPTURE_AUTORELEASING = YES;
				CLANG_WARN_BOOL_CONVERSION = YES;
				CLANG_WARN_COMMA = YES;
				CLANG_WARN_CONSTANT_CONVERSION = YES;
				CLANG_WARN_DEPRECATED_OBJC_IMPLEMENTATIONS = YES;
				CLANG_WARN_DIRECT_OBJC_ISA_USAGE = YES_ERROR;
				CLANG_WARN_DOCUMENTATION_COMMENTS = YES;
				CLANG_WARN_EMPTY_BODY = YES;
				CLANG_WARN_ENUM_CONVERSION = YES;
				CLANG_WARN_INFINITE_RECURSION = YES;
				CLANG_WARN_INT_CONVERSION = YES;
				CLANG_WARN_NON_LITERAL_NULL_CONVERSION = YES;
				CLANG_WARN_OBJC_IMPLICIT_RETAIN_SELF = YES;
				CLANG_WARN_OBJC_LITERAL_CONVERSION = YES;
				CLANG_WARN_OBJC_ROOT_CLASS = YES_ERROR;
				CLANG_WARN_RANGE_LOOP_ANALYSIS = YES;
				CLANG_WARN_STRICT_PROTOTYPES = YES;
				CLANG_WARN_SUSPICIOUS_MOVE = YES;
				CLANG_WARN_UNGUARDED_AVAILABILITY = YES_AGGRESSIVE;
				CLANG_WARN_UNREACHABLE_CODE = YES;
				CLANG_WARN__DUPLICATE_METHOD_MATCH = YES;
				CODE_SIGN_IDENTITY = "iPhone Developer";
				COPY_PHASE_STRIP = NO;
				DEBUG_INFORMATION_FORMAT = "dwarf-with-dsym";
				ENABLE_NS_ASSERTIONS = NO;
				ENABLE_STRICT_OBJC_MSGSEND = YES;
				GCC_C_LANGUAGE_STANDARD = gnu11;
				GCC_NO_COMMON_BLOCKS = YES;
				GCC_WARN_64_TO_32_BIT_CONVERSION = YES;
				GCC_WARN_ABOUT_RETURN_TYPE = YES_ERROR;
				GCC_WARN_UNDECLARED_SELECTOR = YES;
				GCC_WARN_UNINITIALIZED_AUTOS = YES_AGGRESSIVE;
				GCC_WARN_UNUSED_FUNCTION = YES;
				GCC_WARN_UNUSED_VARIABLE = YES;
				IPHONEOS_DEPLOYMENT_TARGET = 12.1;
				MTL_ENABLE_DEBUG_INFO = NO;
				MTL_FAST_MATH = YES;
				SDKROOT = iphoneos;
				SWIFT_COMPILATION_MODE = wholemodule;
				SWIFT_OPTIMIZATION_LEVEL = "-O";
				VALIDATE_PRODUCT = YES;
			};
			name = Release;
		};
		105539162265EF5700344630 /* Debug */ = {
			isa = XCBuildConfiguration;
			buildSettings = {
				ASSETCATALOG_COMPILER_APPICON_NAME = AppIcon;
				CODE_SIGN_STYLE = Automatic;
				DEVELOPMENT_TEAM = L4RK99SRVT;
				INFOPLIST_FILE = Quiz/Info.plist;
				LD_RUNPATH_SEARCH_PATHS = (
					"$(inherited)",
					"@executable_path/Frameworks",
				);
				PRODUCT_BUNDLE_IDENTIFIER = com.Axel.Quiz;
				PRODUCT_NAME = "$(TARGET_NAME)";
				SWIFT_VERSION = 4.2;
				TARGETED_DEVICE_FAMILY = "1,2";
			};
			name = Debug;
		};
		105539172265EF5700344630 /* Release */ = {
			isa = XCBuildConfiguration;
			buildSettings = {
				ASSETCATALOG_COMPILER_APPICON_NAME = AppIcon;
				CODE_SIGN_STYLE = Automatic;
				DEVELOPMENT_TEAM = L4RK99SRVT;
				INFOPLIST_FILE = Quiz/Info.plist;
				LD_RUNPATH_SEARCH_PATHS = (
					"$(inherited)",
					"@executable_path/Frameworks",
				);
				PRODUCT_BUNDLE_IDENTIFIER = com.Axel.Quiz;
				PRODUCT_NAME = "$(TARGET_NAME)";
				SWIFT_VERSION = 4.2;
				TARGETED_DEVICE_FAMILY = "1,2";
			};
			name = Release;
		};
/* End XCBuildConfiguration section */

/* Begin XCConfigurationList section */
		105538FE2265EF5000344630 /* Build configuration list for PBXProject "Quiz" */ = {
			isa = XCConfigurationList;
			buildConfigurations = (
				105539132265EF5700344630 /* Debug */,
				105539142265EF5700344630 /* Release */,
			);
			defaultConfigurationIsVisible = 0;
			defaultConfigurationName = Release;
		};
		105539152265EF5700344630 /* Build configuration list for PBXNativeTarget "Quiz" */ = {
			isa = XCConfigurationList;
			buildConfigurations = (
				105539162265EF5700344630 /* Debug */,
				105539172265EF5700344630 /* Release */,
			);
			defaultConfigurationIsVisible = 0;
			defaultConfigurationName = Release;
		};
/* End XCConfigurationList section */
	};
	rootObject = 105538FB2265EF5000344630 /* Project object */;
}
